
Microsoft Visual Studio Solution File, Format Version 12.00
# Visual Studio Version 17
VisualStudioVersion = 17.3.32811.315
MinimumVisualStudioVersion = 10.0.40219.1
Project("{FAE04EC0-301F-11D3-BF4B-00C04F79EFBC}") = "GraphQL-Containerized", "GraphQL-Containerized.csproj", "{B60C7669-5D06-48F6-BB67-7808F52BA22A}"
EndProject
Global
	GlobalSection(SolutionConfigurationPlatforms) = preSolution
		Debug|Any CPU = Debug|Any CPU
		Release|Any CPU = Release|Any CPU
	EndGlobalSection
	GlobalSection(ProjectConfigurationPlatforms) = postSolution
		{B60C7669-5D06-48F6-BB67-7808F52BA22A}.Debug|Any CPU.ActiveCfg = Debug|Any CPU
		{B60C7669-5D06-48F6-BB67-7808F52BA22A}.Debug|Any CPU.Build.0 = Debug|Any CPU
		{B60C7669-5D06-48F6-BB67-7808F52BA22A}.Release|Any CPU.ActiveCfg = Release|Any CPU
		{B60C7669-5D06-48F6-BB67-7808F52BA22A}.Release|Any CPU.Build.0 = Release|Any CPU
	EndGlobalSection
	GlobalSection(SolutionProperties) = preSolution
		HideSolutionNode = FALSE
	EndGlobalSection
	GlobalSection(ExtensibilityGlobals) = postSolution
		SolutionGuid = {44CE491A-6D48-4D2D-A3E2-CB2B6EF307C0}
	EndGlobalSection
EndGlobal
